
Microsoft Visual Studio Solution File, Format Version 12.00
# Visual Studio Version 17
VisualStudioVersion = 17.6.33829.357
MinimumVisualStudioVersion = 10.0.40219.1
Project("{8BC9CEB8-8B4A-11D0-8D11-00A0C91BC942}") = "Inheritance task (Pet)", "Inheritance task (Pet)\Inheritance task (Pet).vcxproj", "{B2E01823-5322-4E50-8548-BF48DF579212}"
EndProject
Global
	GlobalSection(SolutionConfigurationPlatforms) = preSolution
		Debug|x64 = Debug|x64
		Debug|x86 = Debug|x86
		Release|x64 = Release|x64
		Release|x86 = Release|x86
	EndGlobalSection
	GlobalSection(ProjectConfigurationPlatforms) = postSolution
		{B2E01823-5322-4E50-8548-BF48DF579212}.Debug|x64.ActiveCfg = Debug|x64
		{B2E01823-5322-4E50-8548-BF48DF579212}.Debug|x64.Build.0 = Debug|x64
		{B2E01823-5322-4E50-8548-BF48DF579212}.Debug|x86.ActiveCfg = Debug|Win32
		{B2E01823-5322-4E50-8548-BF48DF579212}.Debug|x86.Build.0 = Debug|Win32
		{B2E01823-5322-4E50-8548-BF48DF579212}.Release|x64.ActiveCfg = Release|x64
		{B2E01823-5322-4E50-8548-BF48DF579212}.Release|x64.Build.0 = Release|x64
		{B2E01823-5322-4E50-8548-BF48DF579212}.Release|x86.ActiveCfg = Release|Win32
		{B2E01823-5322-4E50-8548-BF48DF579212}.Release|x86.Build.0 = Release|Win32
	EndGlobalSection
	GlobalSection(SolutionProperties) = preSolution
		HideSolutionNode = FALSE
	EndGlobalSection
	GlobalSection(ExtensibilityGlobals) = postSolution
		SolutionGuid = {8EA98A5A-AA2C-4A08-951E-0EA34F7F14B6}
	EndGlobalSection
EndGlobal
